
Microsoft Visual Studio Solution File, Format Version 12.00
# Visual Studio Version 16
VisualStudioVersion = 16.0.29519.181
MinimumVisualStudioVersion = 10.0.40219.1
Project("{FAE04EC0-301F-11D3-BF4B-00C04F79EFBC}") = "MongoDB", "MongoDB\MongoDB.csproj", "{1ECE24BB-7C4A-4C1D-A4A1-0526D33C02DF}"
EndProject
Global
	GlobalSection(SolutionConfigurationPlatforms) = preSolution
		Debug|Any CPU = Debug|Any CPU
		Release|Any CPU = Release|Any CPU
	EndGlobalSection
	GlobalSection(ProjectConfigurationPlatforms) = postSolution
		{1ECE24BB-7C4A-4C1D-A4A1-0526D33C02DF}.Debug|Any CPU.ActiveCfg = Debug|Any CPU
		{1ECE24BB-7C4A-4C1D-A4A1-0526D33C02DF}.Debug|Any CPU.Build.0 = Debug|Any CPU
		{1ECE24BB-7C4A-4C1D-A4A1-0526D33C02DF}.Release|Any CPU.ActiveCfg = Release|Any CPU
		{1ECE24BB-7C4A-4C1D-A4A1-0526D33C02DF}.Release|Any CPU.Build.0 = Release|Any CPU
	EndGlobalSection
	GlobalSection(SolutionProperties) = preSolution
		HideSolutionNode = FALSE
	EndGlobalSection
	GlobalSection(ExtensibilityGlobals) = postSolution
		SolutionGuid = {4757007D-BF07-497D-8C20-23301BF0E466}
	EndGlobalSection
EndGlobal
